
Microsoft Visual Studio Solution File, Format Version 12.00
# Visual Studio 15
VisualStudioVersion = 15.0.28307.902
MinimumVisualStudioVersion = 10.0.40219.1
Project("{FAE04EC0-301F-11D3-BF4B-00C04F79EFBC}") = "ContosoInterestCalculator", "ContosoInterestCalculator\ContosoInterestCalculator.csproj", "{2571BA3D-5921-489B-BCB3-AFA89813575C}"
EndProject
Global
	GlobalSection(SolutionConfigurationPlatforms) = preSolution
		Debug|Any CPU = Debug|Any CPU
		Release|Any CPU = Release|Any CPU
	EndGlobalSection
	GlobalSection(ProjectConfigurationPlatforms) = postSolution
		{2571BA3D-5921-489B-BCB3-AFA89813575C}.Debug|Any CPU.ActiveCfg = Debug|Any CPU
		{2571BA3D-5921-489B-BCB3-AFA89813575C}.Debug|Any CPU.Build.0 = Debug|Any CPU
		{2571BA3D-5921-489B-BCB3-AFA89813575C}.Release|Any CPU.ActiveCfg = Release|Any CPU
		{2571BA3D-5921-489B-BCB3-AFA89813575C}.Release|Any CPU.Build.0 = Release|Any CPU
	EndGlobalSection
	GlobalSection(SolutionProperties) = preSolution
		HideSolutionNode = FALSE
	EndGlobalSection
	GlobalSection(ExtensibilityGlobals) = postSolution
		SolutionGuid = {D8128024-979C-4AA9-87A6-8F974094FCC8}
	EndGlobalSection
EndGlobal
